{
  "requires": true,
  "lockfileVersion": 1,
  "dependencies": {
    "hexo-theme-volantis": {
      "version": "4.1.6",
      "resolved": "https://registry.npm.taobao.org/hexo-theme-volantis/download/hexo-theme-volantis-4.1.6.tgz",
      "integrity": "sha1-WHI687Z2ZLpHEXQx9YBLhhcLE14="
    }
  }
}
